
Microsoft Visual Studio Solution File, Format Version 12.00
# Visual Studio Version 17
VisualStudioVersion = 17.14.36203.30 d17.14
MinimumVisualStudioVersion = 10.0.40219.1
Project("{FAE04EC0-301F-11D3-BF4B-00C04F79EFBC}") = "WebApplication1Api", "WebApplication1Api\WebApplication1Api.csproj", "{E86A9951-A03A-4ED2-9815-04AA0DA70426}"
EndProject
Global
	GlobalSection(SolutionConfigurationPlatforms) = preSolution
		Debug|Any CPU = Debug|Any CPU
		Release|Any CPU = Release|Any CPU
	EndGlobalSection
	GlobalSection(ProjectConfigurationPlatforms) = postSolution
		{E86A9951-A03A-4ED2-9815-04AA0DA70426}.Debug|Any CPU.ActiveCfg = Debug|Any CPU
		{E86A9951-A03A-4ED2-9815-04AA0DA70426}.Debug|Any CPU.Build.0 = Debug|Any CPU
		{E86A9951-A03A-4ED2-9815-04AA0DA70426}.Release|Any CPU.ActiveCfg = Release|Any CPU
		{E86A9951-A03A-4ED2-9815-04AA0DA70426}.Release|Any CPU.Build.0 = Release|Any CPU
	EndGlobalSection
	GlobalSection(SolutionProperties) = preSolution
		HideSolutionNode = FALSE
	EndGlobalSection
	GlobalSection(ExtensibilityGlobals) = postSolution
		SolutionGuid = {8394984C-BB5B-4A8B-8BF7-78BBC1141981}
	EndGlobalSection
EndGlobal
